
Microsoft Visual Studio Solution File, Format Version 12.00
# Visual Studio Version 17
VisualStudioVersion = 17.13.35931.197
MinimumVisualStudioVersion = 10.0.40219.1
Project("{FAE04EC0-301F-11D3-BF4B-00C04F79EFBC}") = "otomasyon", "otomasyon.csproj", "{F8F507AA-486A-4059-B0B5-253B1166341D}"
EndProject
Global
	GlobalSection(SolutionConfigurationPlatforms) = preSolution
		Debug|Any CPU = Debug|Any CPU
		Release|Any CPU = Release|Any CPU
	EndGlobalSection
	GlobalSection(ProjectConfigurationPlatforms) = postSolution
		{F8F507AA-486A-4059-B0B5-253B1166341D}.Debug|Any CPU.ActiveCfg = Debug|Any CPU
		{F8F507AA-486A-4059-B0B5-253B1166341D}.Debug|Any CPU.Build.0 = Debug|Any CPU
		{F8F507AA-486A-4059-B0B5-253B1166341D}.Release|Any CPU.ActiveCfg = Release|Any CPU
		{F8F507AA-486A-4059-B0B5-253B1166341D}.Release|Any CPU.Build.0 = Release|Any CPU
	EndGlobalSection
	GlobalSection(SolutionProperties) = preSolution
		HideSolutionNode = FALSE
	EndGlobalSection
	GlobalSection(ExtensibilityGlobals) = postSolution
		SolutionGuid = {692E6084-5E70-4A86-8A97-17F538EA501C}
	EndGlobalSection
EndGlobal
